
Microsoft Visual Studio Solution File, Format Version 12.00
# Visual Studio Version 17
VisualStudioVersion = 17.2.32516.85
MinimumVisualStudioVersion = 10.0.40219.1
Project("{9A19103F-16F7-4668-BE54-9A1E7A4F7556}") = "LibraryAPI", "LibraryAPI\LibraryAPI.csproj", "{E564D927-703B-40FD-84A4-AAAD92F1BAC7}"
EndProject
Project("{FAE04EC0-301F-11D3-BF4B-00C04F79EFBC}") = "ConsumeAPI", "ConsumeAPI\ConsumeAPI.csproj", "{C86B5D97-7B5D-4D52-9C25-5FB335B59F18}"
EndProject
Global
	GlobalSection(SolutionConfigurationPlatforms) = preSolution
		Debug|Any CPU = Debug|Any CPU
		Release|Any CPU = Release|Any CPU
	EndGlobalSection
	GlobalSection(ProjectConfigurationPlatforms) = postSolution
		{E564D927-703B-40FD-84A4-AAAD92F1BAC7}.Debug|Any CPU.ActiveCfg = Debug|Any CPU
		{E564D927-703B-40FD-84A4-AAAD92F1BAC7}.Debug|Any CPU.Build.0 = Debug|Any CPU
		{E564D927-703B-40FD-84A4-AAAD92F1BAC7}.Release|Any CPU.ActiveCfg = Release|Any CPU
		{E564D927-703B-40FD-84A4-AAAD92F1BAC7}.Release|Any CPU.Build.0 = Release|Any CPU
		{C86B5D97-7B5D-4D52-9C25-5FB335B59F18}.Debug|Any CPU.ActiveCfg = Debug|Any CPU
		{C86B5D97-7B5D-4D52-9C25-5FB335B59F18}.Debug|Any CPU.Build.0 = Debug|Any CPU
		{C86B5D97-7B5D-4D52-9C25-5FB335B59F18}.Release|Any CPU.ActiveCfg = Release|Any CPU
		{C86B5D97-7B5D-4D52-9C25-5FB335B59F18}.Release|Any CPU.Build.0 = Release|Any CPU
	EndGlobalSection
	GlobalSection(SolutionProperties) = preSolution
		HideSolutionNode = FALSE
	EndGlobalSection
	GlobalSection(ExtensibilityGlobals) = postSolution
		SolutionGuid = {35D079B5-7A78-491A-9327-02DBC73D917E}
	EndGlobalSection
EndGlobal
